# This file was autogenerated by Stack.
# You should not edit this file by hand.
# For more information, please see the documentation at:
#   https://docs.haskellstack.org/en/stable/lock_files

packages:
- completed:
    hackage: parsedate-3000.0.0@sha256:6bfa9939cde358df047676dee506f9c3fc7c9256d24f7104abcc6233026bb474,762
    pantry-tree:
      sha256: dc63e4d7b0873682da9dc60f57ab82d904d4bd1f63fea95cb869f66344d1678f
      size: 167
  original:
    hackage: parsedate-3000.0.0
snapshots:
- completed:
    sha256: dcf4fc28f12d805480ddbe8eb8c370e11db12f0461d0110a4240af27ac88d725
    size: 650255
    url: https://raw.githubusercontent.com/commercialhaskell/stackage-snapshots/master/lts/20/22.yaml
  original:
    url: https://raw.githubusercontent.com/commercialhaskell/stackage-snapshots/master/lts/20/22.yaml
